# THIS IS AN AUTOGENERATED FILE. DO NOT EDIT THIS FILE DIRECTLY.
# yarn lockfile v1


jsonrpc-lite@^1.3.1:
  version "1.3.1"
  resolved "https://registry.yarnpkg.com/jsonrpc-lite/-/jsonrpc-lite-1.3.1.tgz#5c33086071793a0806e6c96e7c1ae92f4460ac50"

net@^1.0.2:
  version "1.0.2"
  resolved "https://registry.yarnpkg.com/net/-/net-1.0.2.tgz#d1757ec9a7fb2371d83cf4755ce3e27e10829388"
