# THIS IS AN AUTOGENERATED FILE. DO NOT EDIT THIS FILE DIRECTLY.
# yarn lockfile v1


"@sisi/tweetnacl-blake2b@^1.0.0":
  version "1.0.0"
  resolved "https://registry.yarnpkg.com/@sisi/tweetnacl-blake2b/-/tweetnacl-blake2b-1.0.0.tgz#b639df84b95eed0b8c6f548c0770e7b499d2aa2b"
  dependencies:
    blakejs "^1.1.0"

blakejs@^1.1.0:
  version "1.1.0"
  resolved "https://registry.yarnpkg.com/blakejs/-/blakejs-1.1.0.tgz#69df92ef953aa88ca51a32df6ab1c54a155fc7a5"
